// !$*UTF8*$!
{
	archiveVersion = 1;
	classes = {
	};
	objectVersion = 46;
	objects = {

/* Begin PBXBuildFile section */
		95B3D11E1CCAE88000D265AB /* TableViewCupon.swift in Sources */ = {isa = PBXBuildFile; fileRef = 95B3D11D1CCAE87F00D265AB /* TableViewCupon.swift */; };
		95B3D1201CCAF75000D265AB /* LoginViewController.swift in Sources */ = {isa = PBXBuildFile; fileRef = 95B3D11F1CCAF74F00D265AB /* LoginViewController.swift */; };
		95EC31461CC98C1C00EC8767 /* ProductosCargados.swift in Sources */ = {isa = PBXBuildFile; fileRef = 95EC31451CC98C1C00EC8767 /* ProductosCargados.swift */; };
		95EEA54F1CC1AB7900467037 /* TableViewCell.swift in Sources */ = {isa = PBXBuildFile; fileRef = 95EEA54E1CC1AB7900467037 /* TableViewCell.swift */; };
		95EEA5531CC1B8AE00467037 /* Producto.swift in Sources */ = {isa = PBXBuildFile; fileRef = 95EEA5521CC1B8AE00467037 /* Producto.swift */; };
		95EEA5551CC1C56100467037 /* TableViewTarjeta.swift in Sources */ = {isa = PBXBuildFile; fileRef = 95EEA5541CC1C56100467037 /* TableViewTarjeta.swift */; };
		95EEA5571CC1C63A00467037 /* TableViewProductos.swift in Sources */ = {isa = PBXBuildFile; fileRef = 95EEA5561CC1C63A00467037 /* TableViewProductos.swift */; };
		95F45EAB1CC0479500D8403F /* AppDelegate.swift in Sources */ = {isa = PBXBuildFile; fileRef = 95F45EAA1CC0479500D8403F /* AppDelegate.swift */; };
		95F45EAD1CC0479500D8403F /* ViewController.swift in Sources */ = {isa = PBXBuildFile; fileRef = 95F45EAC1CC0479500D8403F /* ViewController.swift */; };
		95F45EB01CC0479500D8403F /* Main.storyboard in Resources */ = {isa = PBXBuildFile; fileRef = 95F45EAE1CC0479500D8403F /* Main.storyboard */; settings = {ASSET_TAGS = (wearg, ); }; };
		95F45EB21CC0479500D8403F /* Assets.xcassets in Resources */ = {isa = PBXBuildFile; fileRef = 95F45EB11CC0479500D8403F /* Assets.xcassets */; };
		95F45EB51CC0479500D8403F /* LaunchScreen.storyboard in Resources */ = {isa = PBXBuildFile; fileRef = 95F45EB31CC0479500D8403F /* LaunchScreen.storyboard */; };
		95F45EC01CC0479500D8403F /* Obligatoriov1Tests.swift in Sources */ = {isa = PBXBuildFile; fileRef = 95F45EBF1CC0479500D8403F /* Obligatoriov1Tests.swift */; };
		95F45ECB1CC0479500D8403F /* Obligatoriov1UITests.swift in Sources */ = {isa = PBXBuildFile; fileRef = 95F45ECA1CC0479500D8403F /* Obligatoriov1UITests.swift */; };
/* End PBXBuildFile section */

/* Begin PBXContainerItemProxy section */
		95F45EBC1CC0479500D8403F /* PBXContainerItemProxy */ = {
			isa = PBXContainerItemProxy;
			containerPortal = 95F45E9F1CC0479500D8403F /* Project object */;
			proxyType = 1;
			remoteGlobalIDString = 95F45EA61CC0479500D8403F;
			remoteInfo = Obligatoriov1;
		};
		95F45EC71CC0479500D8403F /* PBXContainerItemProxy */ = {
			isa = PBXContainerItemProxy;
			containerPortal = 95F45E9F1CC0479500D8403F /* Project object */;
			proxyType = 1;
			remoteGlobalIDString = 95F45EA61CC0479500D8403F;
			remoteInfo = Obligatoriov1;
		};
/* End PBXContainerItemProxy section */

/* Begin PBXFileReference section */
		95B3D11D1CCAE87F00D265AB /* TableViewCupon.swift */ = {isa = PBXFileReference; fileEncoding = 4; lastKnownFileType = sourcecode.swift; path = TableViewCupon.swift; sourceTree = "<group>"; };
		95B3D11F1CCAF74F00D265AB /* LoginViewController.swift */ = {isa = PBXFileReference; fileEncoding = 4; lastKnownFileType = sourcecode.swift; path = LoginViewController.swift; sourceTree = "<group>"; };
		95EC31451CC98C1C00EC8767 /* ProductosCargados.swift */ = {isa = PBXFileReference; fileEncoding = 4; lastKnownFileType = sourcecode.swift; name = ProductosCargados.swift; path = ../ProductosCargados.swift; sourceTree = "<group>"; };
		95EEA54E1CC1AB7900467037 /* TableViewCell.swift */ = {isa = PBXFileReference; fileEncoding = 4; lastKnownFileType = sourcecode.swift; path = TableViewCell.swift; sourceTree = "<group>"; };
		95EEA5521CC1B8AE00467037 /* Producto.swift */ = {isa = PBXFileReference; fileEncoding = 4; lastKnownFileType = sourcecode.swift; path = Producto.swift; sourceTree = "<group>"; };
		95EEA5541CC1C56100467037 /* TableViewTarjeta.swift */ = {isa = PBXFileReference; fileEncoding = 4; lastKnownFileType = sourcecode.swift; path = TableViewTarjeta.swift; sourceTree = "<group>"; };
		95EEA5561CC1C63A00467037 /* TableViewProductos.swift */ = {isa = PBXFileReference; fileEncoding = 4; lastKnownFileType = sourcecode.swift; path = TableViewProductos.swift; sourceTree = "<group>"; };
		95F45EA71CC0479500D8403F /* Obligatoriov1.app */ = {isa = PBXFileReference; explicitFileType = wrapper.application; includeInIndex = 0; path = Obligatoriov1.app; sourceTree = BUILT_PRODUCTS_DIR; };
		95F45EAA1CC0479500D8403F /* AppDelegate.swift */ = {isa = PBXFileReference; lastKnownFileType = sourcecode.swift; path = AppDelegate.swift; sourceTree = "<group>"; };
		95F45EAC1CC0479500D8403F /* ViewController.swift */ = {isa = PBXFileReference; lastKnownFileType = sourcecode.swift; path = ViewController.swift; sourceTree = "<group>"; };
		95F45EAF1CC0479500D8403F /* Base */ = {isa = PBXFileReference; lastKnownFileType = file.storyboard; name = Base; path = Base.lproj/Main.storyboard; sourceTree = "<group>"; };
		95F45EB11CC0479500D8403F /* Assets.xcassets */ = {isa = PBXFileReference; lastKnownFileType = folder.assetcatalog; path = Assets.xcassets; sourceTree = "<group>"; };
		95F45EB41CC0479500D8403F /* Base */ = {isa = PBXFileReference; lastKnownFileType = file.storyboard; name = Base; path = Base.lproj/LaunchScreen.storyboard; sourceTree = "<group>"; };
		95F45EB61CC0479500D8403F /* Info.plist */ = {isa = PBXFileReference; lastKnownFileType = text.plist.xml; path = Info.plist; sourceTree = "<group>"; };
		95F45EBB1CC0479500D8403F /* Obligatoriov1Tests.xctest */ = {isa = PBXFileReference; explicitFileType = wrapper.cfbundle; includeInIndex = 0; path = Obligatoriov1Tests.xctest; sourceTree = BUILT_PRODUCTS_DIR; };
		95F45EBF1CC0479500D8403F /* Obligatoriov1Tests.swift */ = {isa = PBXFileReference; lastKnownFileType = sourcecode.swift; path = Obligatoriov1Tests.swift; sourceTree = "<group>"; };
		95F45EC11CC0479500D8403F /* Info.plist */ = {isa = PBXFileReference; lastKnownFileType = text.plist.xml; path = Info.plist; sourceTree = "<group>"; };
		95F45EC61CC0479500D8403F /* Obligatoriov1UITests.xctest */ = {isa = PBXFileReference; explicitFileType = wrapper.cfbundle; includeInIndex = 0; path = Obligatoriov1UITests.xctest; sourceTree = BUILT_PRODUCTS_DIR; };
		95F45ECA1CC0479500D8403F /* Obligatoriov1UITests.swift */ = {isa = PBXFileReference; lastKnownFileType = sourcecode.swift; path = Obligatoriov1UITests.swift; sourceTree = "<group>"; };
		95F45ECC1CC0479500D8403F /* Info.plist */ = {isa = PBXFileReference; lastKnownFileType = text.plist.xml; path = Info.plist; sourceTree = "<group>"; };
/* End PBXFileReference section */

/* Begin PBXFrameworksBuildPhase section */
		95F45EA41CC0479500D8403F /* Frameworks */ = {
			isa = PBXFrameworksBuildPhase;
			buildActionMask = 2147483647;
			files = (
			);
			runOnlyForDeploymentPostprocessing = 0;
		};
		95F45EB81CC0479500D8403F /* Frameworks */ = {
			isa = PBXFrameworksBuildPhase;
			buildActionMask = 2147483647;
			files = (
			);
			runOnlyForDeploymentPostprocessing = 0;
		};
		95F45EC31CC0479500D8403F /* Frameworks */ = {
			isa = PBXFrameworksBuildPhase;
			buildActionMask = 2147483647;
			files = (
			);
			runOnlyForDeploymentPostprocessing = 0;
		};
/* End PBXFrameworksBuildPhase section */

/* Begin PBXGroup section */
		95F45E9E1CC0479500D8403F = {
			isa = PBXGroup;
			children = (
				95F45EA91CC0479500D8403F /* Obligatoriov1 */,
				95F45EBE1CC0479500D8403F /* Obligatoriov1Tests */,
				95F45EC91CC0479500D8403F /* Obligatoriov1UITests */,
				95F45EA81CC0479500D8403F /* Products */,
			);
			sourceTree = "<group>";
		};
		95F45EA81CC0479500D8403F /* Products */ = {
			isa = PBXGroup;
			children = (
				95F45EA71CC0479500D8403F /* Obligatoriov1.app */,
				95F45EBB1CC0479500D8403F /* Obligatoriov1Tests.xctest */,
				95F45EC61CC0479500D8403F /* Obligatoriov1UITests.xctest */,
			);
			name = Products;
			sourceTree = "<group>";
		};
		95F45EA91CC0479500D8403F /* Obligatoriov1 */ = {
			isa = PBXGroup;
			children = (
				95EC31451CC98C1C00EC8767 /* ProductosCargados.swift */,
				95B3D11D1CCAE87F00D265AB /* TableViewCupon.swift */,
				95F45EAA1CC0479500D8403F /* AppDelegate.swift */,
				95F45EAC1CC0479500D8403F /* ViewController.swift */,
				95B3D11F1CCAF74F00D265AB /* LoginViewController.swift */,
				95F45EAE1CC0479500D8403F /* Main.storyboard */,
				95EEA5561CC1C63A00467037 /* TableViewProductos.swift */,
				95EEA5541CC1C56100467037 /* TableViewTarjeta.swift */,
				95EEA54E1CC1AB7900467037 /* TableViewCell.swift */,
				95F45EB11CC0479500D8403F /* Assets.xcassets */,
				95EEA5521CC1B8AE00467037 /* Producto.swift */,
				95F45EB31CC0479500D8403F /* LaunchScreen.storyboard */,
				95F45EB61CC0479500D8403F /* Info.plist */,
			);
			path = Obligatoriov1;
			sourceTree = "<group>";
		};
		95F45EBE1CC0479500D8403F /* Obligatoriov1Tests */ = {
			isa = PBXGroup;
			children = (
				95F45EBF1CC0479500D8403F /* Obligatoriov1Tests.swift */,
				95F45EC11CC0479500D8403F /* Info.plist */,
			);
			path = Obligatoriov1Tests;
			sourceTree = "<group>";
		};
		95F45EC91CC0479500D8403F /* Obligatoriov1UITests */ = {
			isa = PBXGroup;
			children = (
				95F45ECA1CC0479500D8403F /* Obligatoriov1UITests.swift */,
				95F45ECC1CC0479500D8403F /* Info.plist */,
			);
			path = Obligatoriov1UITests;
			sourceTree = "<group>";
		};
/* End PBXGroup section */

/* Begin PBXNativeTarget section */
		95F45EA61CC0479500D8403F /* Obligatoriov1 */ = {
			isa = PBXNativeTarget;
			buildConfigurationList = 95F45ECF1CC0479600D8403F /* Build configuration list for PBXNativeTarget "Obligatoriov1" */;
			buildPhases = (
				95F45EA31CC0479500D8403F /* Sources */,
				95F45EA41CC0479500D8403F /* Frameworks */,
				95F45EA51CC0479500D8403F /* Resources */,
			);
			buildRules = (
			);
			dependencies = (
			);
			name = Obligatoriov1;
			productName = Obligatoriov1;
			productReference = 95F45EA71CC0479500D8403F /* Obligatoriov1.app */;
			productType = "com.apple.product-type.application";
		};
		95F45EBA1CC0479500D8403F /* Obligatoriov1Tests */ = {
			isa = PBXNativeTarget;
			buildConfigurationList = 95F45ED21CC0479600D8403F /* Build configuration list for PBXNativeTarget "Obligatoriov1Tests" */;
			buildPhases = (
				95F45EB71CC0479500D8403F /* Sources */,
				95F45EB81CC0479500D8403F /* Frameworks */,
				95F45EB91CC0479500D8403F /* Resources */,
			);
			buildRules = (
			);
			dependencies = (
				95F45EBD1CC0479500D8403F /* PBXTargetDependency */,
			);
			name = Obligatoriov1Tests;
			productName = Obligatoriov1Tests;
			productReference = 95F45EBB1CC0479500D8403F /* Obligatoriov1Tests.xctest */;
			productType = "com.apple.product-type.bundle.unit-test";
		};
		95F45EC51CC0479500D8403F /* Obligatoriov1UITests */ = {
			isa = PBXNativeTarget;
			buildConfigurationList = 95F45ED51CC0479600D8403F /* Build configuration list for PBXNativeTarget "Obligatoriov1UITests" */;
			buildPhases = (
				95F45EC21CC0479500D8403F /* Sources */,
				95F45EC31CC0479500D8403F /* Frameworks */,
				95F45EC41CC0479500D8403F /* Resources */,
			);
			buildRules = (
			);
			dependencies = (
				95F45EC81CC0479500D8403F /* PBXTargetDependency */,
			);
			name = Obligatoriov1UITests;
			productName = Obligatoriov1UITests;
			productReference = 95F45EC61CC0479500D8403F /* Obligatoriov1UITests.xctest */;
			productType = "com.apple.product-type.bundle.ui-testing";
		};
/* End PBXNativeTarget section */

/* Begin PBXProject section */
		95F45E9F1CC0479500D8403F /* Project object */ = {
			isa = PBXProject;
			attributes = {
				KnownAssetTags = (
					wearg,
				);
				LastSwiftUpdateCheck = 0720;
				LastUpgradeCheck = 0720;
				ORGANIZATIONNAME = SP07;
				TargetAttributes = {
					95F45EA61CC0479500D8403F = {
						CreatedOnToolsVersion = 7.2.1;
					};
					95F45EBA1CC0479500D8403F = {
						CreatedOnToolsVersion = 7.2.1;
						TestTargetID = 95F45EA61CC0479500D8403F;
					};
					95F45EC51CC0479500D8403F = {
						CreatedOnToolsVersion = 7.2.1;
						TestTargetID = 95F45EA61CC0479500D8403F;
					};
				};
			};
			buildConfigurationList = 95F45EA21CC0479500D8403F /* Build configuration list for PBXProject "Obligatoriov1" */;
			compatibilityVersion = "Xcode 3.2";
			developmentRegion = English;
			hasScannedForEncodings = 0;
			knownRegions = (
				en,
				Base,
			);
			mainGroup = 95F45E9E1CC0479500D8403F;
			productRefGroup = 95F45EA81CC0479500D8403F /* Products */;
			projectDirPath = "";
			projectRoot = "";
			targets = (
				95F45EA61CC0479500D8403F /* Obligatoriov1 */,
				95F45EBA1CC0479500D8403F /* Obligatoriov1Tests */,
				95F45EC51CC0479500D8403F /* Obligatoriov1UITests */,
			);
		};
/* End PBXProject section */

/* Begin PBXResourcesBuildPhase section */
		95F45EA51CC0479500D8403F /* Resources */ = {
			isa = PBXResourcesBuildPhase;
			buildActionMask = 2147483647;
			files = (
				95F45EB51CC0479500D8403F /* LaunchScreen.storyboard in Resources */,
				95F45EB21CC0479500D8403F /* Assets.xcassets in Resources */,
				95F45EB01CC0479500D8403F /* Main.storyboard in Resources */,
			);
			runOnlyForDeploymentPostprocessing = 0;
		};
		95F45EB91CC0479500D8403F /* Resources */ = {
			isa = PBXResourcesBuildPhase;
			buildActionMask = 2147483647;
			files = (
			);
			runOnlyForDeploymentPostprocessing = 0;
		};
		95F45EC41CC0479500D8403F /* Resources */ = {
			isa = PBXResourcesBuildPhase;
			buildActionMask = 2147483647;
			files = (
			);
			runOnlyForDeploymentPostprocessing = 0;
		};
/* End PBXResourcesBuildPhase section */

/* Begin PBXSourcesBuildPhase section */
		95F45EA31CC0479500D8403F /* Sources */ = {
			isa = PBXSourcesBuildPhase;
			buildActionMask = 2147483647;
			files = (
				95B3D1201CCAF75000D265AB /* LoginViewController.swift in Sources */,
				95EEA54F1CC1AB7900467037 /* TableViewCell.swift in Sources */,
				95EEA5531CC1B8AE00467037 /* Producto.swift in Sources */,
				95F45EAD1CC0479500D8403F /* ViewController.swift in Sources */,
				95EEA5551CC1C56100467037 /* TableViewTarjeta.swift in Sources */,
				95F45EAB1CC0479500D8403F /* AppDelegate.swift in Sources */,
				95EC31461CC98C1C00EC8767 /* ProductosCargados.swift in Sources */,
				95EEA5571CC1C63A00467037 /* TableViewProductos.swift in Sources */,
				95B3D11E1CCAE88000D265AB /* TableViewCupon.swift in Sources */,
			);
			runOnlyForDeploymentPostprocessing = 0;
		};
		95F45EB71CC0479500D8403F /* Sources */ = {
			isa = PBXSourcesBuildPhase;
			buildActionMask = 2147483647;
			files = (
				95F45EC01CC0479500D8403F /* Obligatoriov1Tests.swift in Sources */,
			);
			runOnlyForDeploymentPostprocessing = 0;
		};
		95F45EC21CC0479500D8403F /* Sources */ = {
			isa = PBXSourcesBuildPhase;
			buildActionMask = 2147483647;
			files = (
				95F45ECB1CC0479500D8403F /* Obligatoriov1UITests.swift in Sources */,
			);
			runOnlyForDeploymentPostprocessing = 0;
		};
/* End PBXSourcesBuildPhase section */

/* Begin PBXTargetDependency section */
		95F45EBD1CC0479500D8403F /* PBXTargetDependency */ = {
			isa = PBXTargetDependency;
			target = 95F45EA61CC0479500D8403F /* Obligatoriov1 */;
			targetProxy = 95F45EBC1CC0479500D8403F /* PBXContainerItemProxy */;
		};
		95F45EC81CC0479500D8403F /* PBXTargetDependency */ = {
			isa = PBXTargetDependency;
			target = 95F45EA61CC0479500D8403F /* Obligatoriov1 */;
			targetProxy = 95F45EC71CC0479500D8403F /* PBXContainerItemProxy */;
		};
/* End PBXTargetDependency section */

/* Begin PBXVariantGroup section */
		95F45EAE1CC0479500D8403F /* Main.storyboard */ = {
			isa = PBXVariantGroup;
			children = (
				95F45EAF1CC0479500D8403F /* Base */,
			);
			name = Main.storyboard;
			sourceTree = "<group>";
		};
		95F45EB31CC0479500D8403F /* LaunchScreen.storyboard */ = {
			isa = PBXVariantGroup;
			children = (
				95F45EB41CC0479500D8403F /* Base */,
			);
			name = LaunchScreen.storyboard;
			sourceTree = "<group>";
		};
/* End PBXVariantGroup section */

/* Begin XCBuildConfiguration section */
		95F45ECD1CC0479500D8403F /* Debug */ = {
			isa = XCBuildConfiguration;
			buildSettings = {
				ALWAYS_SEARCH_USER_PATHS = NO;
				CLANG_CXX_LANGUAGE_STANDARD = "gnu++0x";
				CLANG_CXX_LIBRARY = "libc++";
				CLANG_ENABLE_MODULES = YES;
				CLANG_ENABLE_OBJC_ARC = YES;
				CLANG_WARN_BOOL_CONVERSION = YES;
				CLANG_WARN_CONSTANT_CONVERSION = YES;
				CLANG_WARN_DIRECT_OBJC_ISA_USAGE = YES_ERROR;
				CLANG_WARN_EMPTY_BODY = YES;
				CLANG_WARN_ENUM_CONVERSION = YES;
				CLANG_WARN_INT_CONVERSION = YES;
				CLANG_WARN_OBJC_ROOT_CLASS = YES_ERROR;
				CLANG_WARN_UNREACHABLE_CODE = YES;
				CLANG_WARN__DUPLICATE_METHOD_MATCH = YES;
				"CODE_SIGN_IDENTITY[sdk=iphoneos*]" = "iPhone Developer";
				COPY_PHASE_STRIP = NO;
				DEBUG_INFORMATION_FORMAT = dwarf;
				ENABLE_STRICT_OBJC_MSGSEND = YES;
				ENABLE_TESTABILITY = YES;
				GCC_C_LANGUAGE_STANDARD = gnu99;
				GCC_DYNAMIC_NO_PIC = NO;
				GCC_NO_COMMON_BLOCKS = YES;
				GCC_OPTIMIZATION_LEVEL = 0;
				GCC_PREPROCESSOR_DEFINITIONS = (
					"DEBUG=1",
					"$(inherited)",
				);
				GCC_WARN_64_TO_32_BIT_CONVERSION = YES;
				GCC_WARN_ABOUT_RETURN_TYPE = YES_ERROR;
				GCC_WARN_UNDECLARED_SELECTOR = YES;
				GCC_WARN_UNINITIALIZED_AUTOS = YES_AGGRESSIVE;
				GCC_WARN_UNUSED_FUNCTION = YES;
				GCC_WARN_UNUSED_VARIABLE = YES;
				IPHONEOS_DEPLOYMENT_TARGET = 9.2;
				MTL_ENABLE_DEBUG_INFO = YES;
				ONLY_ACTIVE_ARCH = YES;
				SDKROOT = iphoneos;
				SWIFT_OPTIMIZATION_LEVEL = "-Onone";
			};
			name = Debug;
		};
		95F45ECE1CC0479500D8403F /* Release */ = {
			isa = XCBuildConfiguration;
			buildSettings = {
				ALWAYS_SEARCH_USER_PATHS = NO;
				CLANG_CXX_LANGUAGE_STANDARD = "gnu++0x";
				CLANG_CXX_LIBRARY = "libc++";
				CLANG_ENABLE_MODULES = YES;
				CLANG_ENABLE_OBJC_ARC = YES;
				CLANG_WARN_BOOL_CONVERSION = YES;
				CLANG_WARN_CONSTANT_CONVERSION = YES;
				CLANG_WARN_DIRECT_OBJC_ISA_USAGE = YES_ERROR;
				CLANG_WARN_EMPTY_BODY = YES;
				CLANG_WARN_ENUM_CONVERSION = YES;
				CLANG_WARN_INT_CONVERSION = YES;
				CLANG_WARN_OBJC_ROOT_CLASS = YES_ERROR;
				CLANG_WARN_UNREACHABLE_CODE = YES;
				CLANG_WARN__DUPLICATE_METHOD_MATCH = YES;
				"CODE_SIGN_IDENTITY[sdk=iphoneos*]" = "iPhone Developer";
				COPY_PHASE_STRIP = NO;
				DEBUG_INFORMATION_FORMAT = "dwarf-with-dsym";
				ENABLE_NS_ASSERTIONS = NO;
				ENABLE_STRICT_OBJC_MSGSEND = YES;
				GCC_C_LANGUAGE_STANDARD = gnu99;
				GCC_NO_COMMON_BLOCKS = YES;
				GCC_WARN_64_TO_32_BIT_CONVERSION = YES;
				GCC_WARN_ABOUT_RETURN_TYPE = YES_ERROR;
				GCC_WARN_UNDECLARED_SELECTOR = YES;
				GCC_WARN_UNINITIALIZED_AUTOS = YES_AGGRESSIVE;
				GCC_WARN_UNUSED_FUNCTION = YES;
				GCC_WARN_UNUSED_VARIABLE = YES;
				IPHONEOS_DEPLOYMENT_TARGET = 9.2;
				MTL_ENABLE_DEBUG_INFO = NO;
				SDKROOT = iphoneos;
				VALIDATE_PRODUCT = YES;
			};
			name = Release;
		};
		95F45ED01CC0479600D8403F /* Debug */ = {
			isa = XCBuildConfiguration;
			buildSettings = {
				ASSETCATALOG_COMPILER_APPICON_NAME = AppIcon;
				INFOPLIST_FILE = Obligatoriov1/Info.plist;
				LD_RUNPATH_SEARCH_PATHS = "$(inherited) @executable_path/Frameworks";
				PRODUCT_BUNDLE_IDENTIFIER = German.Obligatoriov1;
				PRODUCT_NAME = "$(TARGET_NAME)";
			};
			name = Debug;
		};
		95F45ED11CC0479600D8403F /* Release */ = {
			isa = XCBuildConfiguration;
			buildSettings = {
				ASSETCATALOG_COMPILER_APPICON_NAME = AppIcon;
				INFOPLIST_FILE = Obligatoriov1/Info.plist;
				LD_RUNPATH_SEARCH_PATHS = "$(inherited) @executable_path/Frameworks";
				PRODUCT_BUNDLE_IDENTIFIER = German.Obligatoriov1;
				PRODUCT_NAME = "$(TARGET_NAME)";
			};
			name = Release;
		};
		95F45ED31CC0479600D8403F /* Debug */ = {
			isa = XCBuildConfiguration;
			buildSettings = {
				BUNDLE_LOADER = "$(TEST_HOST)";
				INFOPLIST_FILE = Obligatoriov1Tests/Info.plist;
				LD_RUNPATH_SEARCH_PATHS = "$(inherited) @executable_path/Frameworks @loader_path/Frameworks";
				PRODUCT_BUNDLE_IDENTIFIER = German.Obligatoriov1Tests;
				PRODUCT_NAME = "$(TARGET_NAME)";
				TEST_HOST = "$(BUILT_PRODUCTS_DIR)/Obligatoriov1.app/Obligatoriov1";
			};
			name = Debug;
		};
		95F45ED41CC0479600D8403F /* Release */ = {
			isa = XCBuildConfiguration;
			buildSettings = {
				BUNDLE_LOADER = "$(TEST_HOST)";
				INFOPLIST_FILE = Obligatoriov1Tests/Info.plist;
				LD_RUNPATH_SEARCH_PATHS = "$(inherited) @executable_path/Frameworks @loader_path/Frameworks";
				PRODUCT_BUNDLE_IDENTIFIER = German.Obligatoriov1Tests;
				PRODUCT_NAME = "$(TARGET_NAME)";
				TEST_HOST = "$(BUILT_PRODUCTS_DIR)/Obligatoriov1.app/Obligatoriov1";
			};
			name = Release;
		};
		95F45ED61CC0479600D8403F /* Debug */ = {
			isa = XCBuildConfiguration;
			buildSettings = {
				INFOPLIST_FILE = Obligatoriov1UITests/Info.plist;
				LD_RUNPATH_SEARCH_PATHS = "$(inherited) @executable_path/Frameworks @loader_path/Frameworks";
				PRODUCT_BUNDLE_IDENTIFIER = German.Obligatoriov1UITests;
				PRODUCT_NAME = "$(TARGET_NAME)";
				TEST_TARGET_NAME = Obligatoriov1;
				USES_XCTRUNNER = YES;
			};
			name = Debug;
		};
		95F45ED71CC0479600D8403F /* Release */ = {
			isa = XCBuildConfiguration;
			buildSettings = {
				INFOPLIST_FILE = Obligatoriov1UITests/Info.plist;
				LD_RUNPATH_SEARCH_PATHS = "$(inherited) @executable_path/Frameworks @loader_path/Frameworks";
				PRODUCT_BUNDLE_IDENTIFIER = German.Obligatoriov1UITests;
				PRODUCT_NAME = "$(TARGET_NAME)";
				TEST_TARGET_NAME = Obligatoriov1;
				USES_XCTRUNNER = YES;
			};
			name = Release;
		};
/* End XCBuildConfiguration section */

/* Begin XCConfigurationList section */
		95F45EA21CC0479500D8403F /* Build configuration list for PBXProject "Obligatoriov1" */ = {
			isa = XCConfigurationList;
			buildConfigurations = (
				95F45ECD1CC0479500D8403F /* Debug */,
				95F45ECE1CC0479500D8403F /* Release */,
			);
			defaultConfigurationIsVisible = 0;
			defaultConfigurationName = Release;
		};
		95F45ECF1CC0479600D8403F /* Build configuration list for PBXNativeTarget "Obligatoriov1" */ = {
			isa = XCConfigurationList;
			buildConfigurations = (
				95F45ED01CC0479600D8403F /* Debug */,
				95F45ED11CC0479600D8403F /* Release */,
			);
			defaultConfigurationIsVisible = 0;
			defaultConfigurationName = Release;
		};
		95F45ED21CC0479600D8403F /* Build configuration list for PBXNativeTarget "Obligatoriov1Tests" */ = {
			isa = XCConfigurationList;
			buildConfigurations = (
				95F45ED31CC0479600D8403F /* Debug */,
				95F45ED41CC0479600D8403F /* Release */,
			);
			defaultConfigurationIsVisible = 0;
			defaultConfigurationName = Release;
		};
		95F45ED51CC0479600D8403F /* Build configuration list for PBXNativeTarget "Obligatoriov1UITests" */ = {
			isa = XCConfigurationList;
			buildConfigurations = (
				95F45ED61CC0479600D8403F /* Debug */,
				95F45ED71CC0479600D8403F /* Release */,
			);
			defaultConfigurationIsVisible = 0;
			defaultConfigurationName = Release;
		};
/* End XCConfigurationList section */
	};
	rootObject = 95F45E9F1CC0479500D8403F /* Project object */;
}
